{
  "name": "workspace",
  "version": "1.0.0",
  "lockfileVersion": 3,
  "requires": true,
  "packages": {
    "": {
      "name": "workspace",
      "version": "1.0.0",
      "license": "ISC",
      "dependencies": {
        "@opencode-ai/cli": "^0.0.0-next-17444",
        "9router": "^0.5.55",
        "opencode-ai": "^1.18.18"
      }
    },
    "node_modules/@opencode-ai/cli": {
      "version": "0.0.0-next-17444",
      "resolved": "http://package-firewall.replit.local/npm/@opencode-ai/cli/-/cli-0.0.0-next-17444.tgz",
      "integrity": "sha512-DxApzjkG7kN4vd5xd6GDWkloo2kXe/NrVrL6s+JOfhZidUpG6bgljuizXlkVl0TyZljzMiPAWA7d6imJkydI/A==",
      "cpu": [
        "arm64",
        "x64"
      ],
      "hasInstallScript": true,
      "license": "MIT",
      "os": [
        "darwin",
        "linux",
        "win32"
      ],
      "bin": {
        "opencode2": "bin/opencode2.exe"
      },
      "optionalDependencies": {
        "@opencode-ai/cli-darwin-arm64": "0.0.0-next-17444",
        "@opencode-ai/cli-darwin-x64": "0.0.0-next-17444",
        "@opencode-ai/cli-darwin-x64-baseline": "0.0.0-next-17444",
        "@opencode-ai/cli-linux-arm64": "0.0.0-next-17444",
        "@opencode-ai/cli-linux-arm64-musl": "0.0.0-next-17444",
        "@opencode-ai/cli-linux-x64": "0.0.0-next-17444",
        "@opencode-ai/cli-linux-x64-baseline": "0.0.0-next-17444",
        "@opencode-ai/cli-linux-x64-baseline-musl": "0.0.0-next-17444",
        "@opencode-ai/cli-linux-x64-musl": "0.0.0-next-17444",
        "@opencode-ai/cli-windows-arm64": "0.0.0-next-17444",
        "@opencode-ai/cli-windows-x64": "0.0.0-next-17444",
        "@opencode-ai/cli-windows-x64-baseline": "0.0.0-next-17444"
      }
    },
    "node_modules/@opencode-ai/cli-darwin-arm64": {
      "version": "0.0.0-next-17444",
      "resolved": "http://package-firewall.replit.local/npm/@opencode-ai/cli-darwin-arm64/-/cli-darwin-arm64-0.0.0-next-17444.tgz",
      "integrity": "sha512-4Sx+IzmmDZc4Im/sYopEYLAZttJZUx8eCf+UnSaaz1zY7Ws3oqWxxice86iBmLT1dKo0/zXRwmP3bp2HFbIWtg==",
      "cpu": [
        "arm64"
      ],
      "license": "MIT",
      "optional": true,
      "os": [
        "darwin"
      ]
    },
    "node_modules/@opencode-ai/cli-darwin-x64": {
      "version": "0.0.0-next-17444",
      "resolved": "http://package-firewall.replit.local/npm/@opencode-ai/cli-darwin-x64/-/cli-darwin-x64-0.0.0-next-17444.tgz",
      "integrity": "sha512-Z4OJrA5gGFeclVV4Y8IoAyjgw3aLTo77TVBF+ebaWi47zYH7iqCWXZ621FK5PnmIfW/2oyb9onOM0MEg32bsww==",
      "cpu": [
        "x64"
      ],
      "license": "MIT",
      "optional": true,
      "os": [
        "darwin"
      ]
    },
    "node_modules/@opencode-ai/cli-darwin-x64-baseline": {
      "version": "0.0.0-next-17444",
      "resolved": "http://package-firewall.replit.local/npm/@opencode-ai/cli-darwin-x64-baseline/-/cli-darwin-x64-baseline-0.0.0-next-17444.tgz",
      "integrity": "sha512-o548WmncRq34LgXHrQwGB8B5r3SRF7jpfBXhk6QcSNOJD2v8/l0aYPBoEgIPwkKgRHcynrBoExxE1jbQanR5uA==",
      "cpu": [
        "x64"
      ],
      "license": "MIT",
      "optional": true,
      "os": [
        "darwin"
      ]
    },
    "node_modules/@opencode-ai/cli-linux-arm64": {
      "version": "0.0.0-next-17444",
      "resolved": "http://package-firewall.replit.local/npm/@opencode-ai/cli-linux-arm64/-/cli-linux-arm64-0.0.0-next-17444.tgz",
      "integrity": "sha512-ZNhSWvBdxWNTPhvEEAgML2kgS63U6x4F42yGQFkznftl2Pi872IEwYPsrXrb6LxCbEgBiAEP/JiVN4aNfI0jRg==",
      "cpu": [
        "arm64"
      ],
      "license": "MIT",
      "optional": true,
      "os": [
        "linux"
      ]
    },
    "node_modules/@opencode-ai/cli-linux-arm64-musl": {
      "version": "0.0.0-next-17444",
      "resolved": "http://package-firewall.replit.local/npm/@opencode-ai/cli-linux-arm64-musl/-/cli-linux-arm64-musl-0.0.0-next-17444.tgz",
      "integrity": "sha512-+VYdnB6qpeAj8x3Xx0GGrxs+os+Kg3BmgnhCqX0eSOeZr2qetMAExVH0SQB4lZLdWV0AhRp37nCk0nNrkCThhw==",
      "cpu": [
        "arm64"
      ],
      "license": "MIT",
      "optional": true,
      "os": [
        "linux"
      ]
    },
    "node_modules/@opencode-ai/cli-linux-x64": {
      "version": "0.0.0-next-17444",
      "resolved": "http://package-firewall.replit.local/npm/@opencode-ai/cli-linux-x64/-/cli-linux-x64-0.0.0-next-17444.tgz",
      "integrity": "sha512-zyDzW5aYIRRpSZiumfob0f0bf3iNTnk7HGM86/iiWV3oSybUOy88rO+s2V37YM2tzH+qpvAslYY/ddgp1sW9Jg==",
      "cpu": [
        "x64"
      ],
      "license": "MIT",
      "optional": true,
      "os": [
        "linux"
      ]
    },
    "node_modules/@opencode-ai/cli-linux-x64-baseline": {
      "version": "0.0.0-next-17444",
      "resolved": "http://package-firewall.replit.local/npm/@opencode-ai/cli-linux-x64-baseline/-/cli-linux-x64-baseline-0.0.0-next-17444.tgz",
      "integrity": "sha512-/Zwur5tkT/pV2UsvguqSGtR0c9oleCZmVrzjMBMK6CpVLygnd+MgIBQ22X7y345lwf2eUw+96mF2dnCJQWnI+Q==",
      "cpu": [
        "x64"
      ],
      "license": "MIT",
      "optional": true,
      "os": [
        "linux"
      ]
    },
    "node_modules/@opencode-ai/cli-linux-x64-baseline-musl": {
      "version": "0.0.0-next-17444",
      "resolved": "http://package-firewall.replit.local/npm/@opencode-ai/cli-linux-x64-baseline-musl/-/cli-linux-x64-baseline-musl-0.0.0-next-17444.tgz",
      "integrity": "sha512-BAvoRk+XNmqcWQ6GNeg+A380+x6/neiDjlpoMhMf+7gWHZtc/5pqf3ocMi+4Y83lN4bah35S2xZPs/oWfh4K3Q==",
      "cpu": [
        "x64"
      ],
      "license": "MIT",
      "optional": true,
      "os": [
        "linux"
      ]
    },
    "node_modules/@opencode-ai/cli-linux-x64-musl": {
      "version": "0.0.0-next-17444",
      "resolved": "http://package-firewall.replit.local/npm/@opencode-ai/cli-linux-x64-musl/-/cli-linux-x64-musl-0.0.0-next-17444.tgz",
      "integrity": "sha512-JRTTlX+2625+wpmIEcjVVLzURNe9ba3g9hkbwa385dNoPdVdfZ5B5Db7M9afb2u3EZeMqbU/ltgV9T+wBobB9g==",
      "cpu": [
        "x64"
      ],
      "license": "MIT",
      "optional": true,
      "os": [
        "linux"
      ]
    },
    "node_modules/@opencode-ai/cli-windows-arm64": {
      "version": "0.0.0-next-17444",
      "resolved": "http://package-firewall.replit.local/npm/@opencode-ai/cli-windows-arm64/-/cli-windows-arm64-0.0.0-next-17444.tgz",
      "integrity": "sha512-miy3F4ev3Rfn6Un9sGvsaaLKdb9QiY/F39E5Mo0GyxMvyxtrE4mx/k1M7yLAijRgQEO6Lp2rVFLe1Fzujb+hMA==",
      "cpu": [
        "arm64"
      ],
      "license": "MIT",
      "optional": true,
      "os": [
        "win32"
      ]
    },
    "node_modules/@opencode-ai/cli-windows-x64": {
      "version": "0.0.0-next-17444",
      "resolved": "http://package-firewall.replit.local/npm/@opencode-ai/cli-windows-x64/-/cli-windows-x64-0.0.0-next-17444.tgz",
      "integrity": "sha512-MmTXwAD1rgvAsYlhPXOEycOHku17JFI5zMgQ9nS1Jrp/0UUYNs5UnGEr9lpBRQDqSIe57k6YyxKSLTgfMMYvig==",
      "cpu": [
        "x64"
      ],
      "license": "MIT",
      "optional": true,
      "os": [
        "win32"
      ]
    },
    "node_modules/@opencode-ai/cli-windows-x64-baseline": {
      "version": "0.0.0-next-17444",
      "resolved": "http://package-firewall.replit.local/npm/@opencode-ai/cli-windows-x64-baseline/-/cli-windows-x64-baseline-0.0.0-next-17444.tgz",
      "integrity": "sha512-LRFewkreAYh5ddIY0VPmTyS9XKS0BbIz65HInQmSXDMsT+Euc+e94NpH1d2syBdFYT2DhtTFrz3e3dqU7KysWg==",
      "cpu": [
        "x64"
      ],
      "license": "MIT",
      "optional": true,
      "os": [
        "win32"
      ]
    },
    "node_modules/9router": {
      "version": "0.5.55",
      "resolved": "http://package-firewall.replit.local/npm/9router/-/9router-0.5.55.tgz",
      "integrity": "sha512-smWQ8lCGHqiN7j1s/FQuiJzXeebwNPm2B5X4EKtAOn3QroZe9JwOp9H0rmJlc2P/l1iDwWlhV6hSMlZmb1KhPQ==",
      "hasInstallScript": true,
      "license": "MIT",
      "dependencies": {
        "enquirer": "^2.4.1",
        "node-forge": "^1.3.3",
        "node-machine-id": "^1.1.12",
        "react": "19.2.1",
        "react-dom": "19.2.1"
      },
      "bin": {
        "9router": "cli.js"
      },
      "engines": {
        "node": ">=18.0.0"
      }
    },
    "node_modules/ansi-colors": {
      "version": "4.1.3",
      "resolved": "http://package-firewall.replit.local/npm/ansi-colors/-/ansi-colors-4.1.3.tgz",
      "integrity": "sha512-/6w/C21Pm1A7aZitlI5Ni/2J6FFQN8i1Cvz3kHABAAbw93v/NlvKdVOqz7CCWz/3iv/JplRSEEZ83XION15ovw==",
      "license": "MIT",
      "engines": {
        "node": ">=6"
      }
    },
    "node_modules/ansi-regex": {
      "version": "5.0.1",
      "resolved": "http://package-firewall.replit.local/npm/ansi-regex/-/ansi-regex-5.0.1.tgz",
      "integrity": "sha512-quJQXlTSUGL2LH9SUXo8VwsY4soanhgo6LNSm84E1LBcE8s3O0wpdiRzyR9z/ZZJMlMWv37qOOb9pdJlMUEKFQ==",
      "license": "MIT",
      "engines": {
        "node": ">=8"
      }
    },
    "node_modules/enquirer": {
      "version": "2.4.1",
      "resolved": "http://package-firewall.replit.local/npm/enquirer/-/enquirer-2.4.1.tgz",
      "integrity": "sha512-rRqJg/6gd538VHvR3PSrdRBb/1Vy2YfzHqzvbhGIQpDRKIa4FgV/54b5Q1xYSxOOwKvjXweS26E0Q+nAMwp2pQ==",
      "license": "MIT",
      "dependencies": {
        "ansi-colors": "^4.1.1",
        "strip-ansi": "^6.0.1"
      },
      "engines": {
        "node": ">=8.6"
      }
    },
    "node_modules/node-forge": {
      "version": "1.4.0",
      "resolved": "http://package-firewall.replit.local/npm/node-forge/-/node-forge-1.4.0.tgz",
      "integrity": "sha512-LarFH0+6VfriEhqMMcLX2F7SwSXeWwnEAJEsYm5QKWchiVYVvJyV9v7UDvUv+w5HO23ZpQTXDv/GxdDdMyOuoQ==",
      "license": "(BSD-3-Clause OR GPL-2.0)",
      "engines": {
        "node": ">= 6.13.0"
      }
    },
    "node_modules/node-machine-id": {
      "version": "1.1.12",
      "resolved": "http://package-firewall.replit.local/npm/node-machine-id/-/node-machine-id-1.1.12.tgz",
      "integrity": "sha512-QNABxbrPa3qEIfrE6GOJ7BYIuignnJw7iQ2YPbc3Nla1HzRJjXzZOiikfF8m7eAMfichLt3M4VgLOetqgDmgGQ==",
      "license": "MIT"
    },
    "node_modules/opencode-ai": {
      "version": "1.18.18",
      "resolved": "http://package-firewall.replit.local/npm/opencode-ai/-/opencode-ai-1.18.18.tgz",
      "integrity": "sha512-J+5HFq8tf+wPBBpBpMPSNjSytF2/EkNWYfFZh4si1d9auFbQriqDyqZv+vFUsLWERfdMU32Eajwuiq3rKBvZLQ==",
      "cpu": [
        "arm64",
        "x64"
      ],
      "hasInstallScript": true,
      "license": "MIT",
      "os": [
        "darwin",
        "linux",
        "win32"
      ],
      "bin": {
        "opencode": "bin/opencode.exe"
      },
      "optionalDependencies": {
        "opencode-darwin-arm64": "1.18.18",
        "opencode-darwin-x64": "1.18.18",
        "opencode-darwin-x64-baseline": "1.18.18",
        "opencode-linux-arm64": "1.18.18",
        "opencode-linux-arm64-musl": "1.18.18",
        "opencode-linux-x64": "1.18.18",
        "opencode-linux-x64-baseline": "1.18.18",
        "opencode-linux-x64-baseline-musl": "1.18.18",
        "opencode-linux-x64-musl": "1.18.18",
        "opencode-windows-arm64": "1.18.18",
        "opencode-windows-x64": "1.18.18",
        "opencode-windows-x64-baseline": "1.18.18"
      }
    },
    "node_modules/opencode-darwin-arm64": {
      "version": "1.18.18",
      "resolved": "http://package-firewall.replit.local/npm/opencode-darwin-arm64/-/opencode-darwin-arm64-1.18.18.tgz",
      "integrity": "sha512-VkG+bz8u8Xqg9NzPK+2/71nEd4DKKlo2NLZurQ1eLAzDnmb1CMYZif/o6Shl8YFuTuYU/30k6yufl4Zr0Ij64g==",
      "cpu": [
        "arm64"
      ],
      "optional": true,
      "os": [
        "darwin"
      ]
    },
    "node_modules/opencode-darwin-x64": {
      "version": "1.18.18",
      "resolved": "http://package-firewall.replit.local/npm/opencode-darwin-x64/-/opencode-darwin-x64-1.18.18.tgz",
      "integrity": "sha512-xox5XJJ1bI5qDEbxWWR9pWY2Gak5IuSfDcObyWunRUiN7J8OiwyazsJs1HGsTSkVhisk8SNbFIr0/0xQGhxSZg==",
      "cpu": [
        "x64"
      ],
      "optional": true,
      "os": [
        "darwin"
      ]
    },
    "node_modules/opencode-darwin-x64-baseline": {
      "version": "1.18.18",
      "resolved": "http://package-firewall.replit.local/npm/opencode-darwin-x64-baseline/-/opencode-darwin-x64-baseline-1.18.18.tgz",
      "integrity": "sha512-NYlIeOOxKPrqY6rdVIjQV4h+eE1AFCHzEcoxXhc8zSvqnCVIO0hMtdNm3l3HhrDucWmdh1BsQBUoZlrBOvAl4w==",
      "cpu": [
        "x64"
      ],
      "optional": true,
      "os": [
        "darwin"
      ]
    },
    "node_modules/opencode-linux-arm64": {
      "version": "1.18.18",
      "resolved": "http://package-firewall.replit.local/npm/opencode-linux-arm64/-/opencode-linux-arm64-1.18.18.tgz",
      "integrity": "sha512-e8D3g0qJEIzawEg2+ygW3vkZjAYL2ssyAx4GbihjwXwZFvlZZy5zRWWzdz5KLBoHSTl0FB73vNtnNeXONyHpVQ==",
      "cpu": [
        "arm64"
      ],
      "optional": true,
      "os": [
        "linux"
      ]
    },
    "node_modules/opencode-linux-arm64-musl": {
      "version": "1.18.18",
      "resolved": "http://package-firewall.replit.local/npm/opencode-linux-arm64-musl/-/opencode-linux-arm64-musl-1.18.18.tgz",
      "integrity": "sha512-Dp3XByFRRZngPAQotNbOwr22HgZej4r9Ck0Iv/rOVU+oO5fLD9YSpHEwx80FTZOZmFmd/vriCdrR/dGdzabICw==",
      "cpu": [
        "arm64"
      ],
      "optional": true,
      "os": [
        "linux"
      ]
    },
    "node_modules/opencode-linux-x64": {
      "version": "1.18.18",
      "resolved": "http://package-firewall.replit.local/npm/opencode-linux-x64/-/opencode-linux-x64-1.18.18.tgz",
      "integrity": "sha512-WmeUnhljYJ252wywKTiW4bNDzsas2njpjPUEh0jM6HKNI4vFxJtREtzaWViY4AKEAcOkLWT8Ll17ixvcHz3AnA==",
      "cpu": [
        "x64"
      ],
      "optional": true,
      "os": [
        "linux"
      ]
    },
    "node_modules/opencode-linux-x64-baseline": {
      "version": "1.18.18",
      "resolved": "http://package-firewall.replit.local/npm/opencode-linux-x64-baseline/-/opencode-linux-x64-baseline-1.18.18.tgz",
      "integrity": "sha512-6GvFarhP0pDiXcE9Au8PWoqb9+ZLBIGKrhZxeVAmOJp/gJ8lLL1Eno8O1qpqRb1KjOfOaOD71jHu9xNaqmjEtw==",
      "cpu": [
        "x64"
      ],
      "optional": true,
      "os": [
        "linux"
      ]
    },
    "node_modules/opencode-linux-x64-baseline-musl": {
      "version": "1.18.18",
      "resolved": "http://package-firewall.replit.local/npm/opencode-linux-x64-baseline-musl/-/opencode-linux-x64-baseline-musl-1.18.18.tgz",
      "integrity": "sha512-cXD1gAZ+TTmdE3tnWy5qPstZjrnbPg0rPUwtcHeLaeB+KYxQWEoie1c88oYmZfQ+RWI6+/+LLF0FU29Uyd1Nrw==",
      "cpu": [
        "x64"
      ],
      "optional": true,
      "os": [
        "linux"
      ]
    },
    "node_modules/opencode-linux-x64-musl": {
      "version": "1.18.18",
      "resolved": "http://package-firewall.replit.local/npm/opencode-linux-x64-musl/-/opencode-linux-x64-musl-1.18.18.tgz",
      "integrity": "sha512-lWiWxotqyVTJYiu2dN90KDNDSrwmyhZk8ajzyfAFjwms2TBVx4L0Ly6gkdhz8nxsxwPRv751W8+yUpzetB8AMA==",
      "cpu": [
        "x64"
      ],
      "optional": true,
      "os": [
        "linux"
      ]
    },
    "node_modules/opencode-windows-arm64": {
      "version": "1.18.18",
      "resolved": "http://package-firewall.replit.local/npm/opencode-windows-arm64/-/opencode-windows-arm64-1.18.18.tgz",
      "integrity": "sha512-Fj1LfP3kXUeD34N0FOw6vebS1oK2YmxA2nviAKOAPo8jLFjEgq5djAJ/WroPmS71VOP1EHlKhRshnK3Sx8pI2w==",
      "cpu": [
        "arm64"
      ],
      "optional": true,
      "os": [
        "win32"
      ]
    },
    "node_modules/opencode-windows-x64": {
      "version": "1.18.18",
      "resolved": "http://package-firewall.replit.local/npm/opencode-windows-x64/-/opencode-windows-x64-1.18.18.tgz",
      "integrity": "sha512-wbsBZsHDgfHaw9zJogFrrSfWpObtXMFjiA6xl6IFyeVGXsdKi6E8AWIMRZUxKVkf9X0P48mYUuaP1EHgmJCbpA==",
      "cpu": [
        "x64"
      ],
      "optional": true,
      "os": [
        "win32"
      ]
    },
    "node_modules/opencode-windows-x64-baseline": {
      "version": "1.18.18",
      "resolved": "http://package-firewall.replit.local/npm/opencode-windows-x64-baseline/-/opencode-windows-x64-baseline-1.18.18.tgz",
      "integrity": "sha512-IeTrXqbIDbXD5VXpeupRa8aD+l4lSNeq02/K0jnaEPvR5adv42tiN1rOENiTaO2uX+d9cQ/csCaJPBFiQvwoRg==",
      "cpu": [
        "x64"
      ],
      "optional": true,
      "os": [
        "win32"
      ]
    },
    "node_modules/react": {
      "version": "19.2.1",
      "resolved": "http://package-firewall.replit.local/npm/react/-/react-19.2.1.tgz",
      "integrity": "sha512-DGrYcCWK7tvYMnWh79yrPHt+vdx9tY+1gPZa7nJQtO/p8bLTDaHp4dzwEhQB7pZ4Xe3ok4XKuEPrVuc+wlpkmw==",
      "license": "MIT",
      "engines": {
        "node": ">=0.10.0"
      }
    },
    "node_modules/react-dom": {
      "version": "19.2.1",
      "resolved": "http://package-firewall.replit.local/npm/react-dom/-/react-dom-19.2.1.tgz",
      "integrity": "sha512-ibrK8llX2a4eOskq1mXKu/TGZj9qzomO+sNfO98M6d9zIPOEhlBkMkBUBLd1vgS0gQsLDBzA+8jJBVXDnfHmJg==",
      "license": "MIT",
      "dependencies": {
        "scheduler": "^0.27.0"
      },
      "peerDependencies": {
        "react": "^19.2.1"
      }
    },
    "node_modules/scheduler": {
      "version": "0.27.0",
      "resolved": "http://package-firewall.replit.local/npm/scheduler/-/scheduler-0.27.0.tgz",
      "integrity": "sha512-eNv+WrVbKu1f3vbYJT/xtiF5syA5HPIMtf9IgY/nKg0sWqzAUEvqY/xm7OcZc/qafLx/iO9FgOmeSAp4v5ti/Q==",
      "license": "MIT"
    },
    "node_modules/strip-ansi": {
      "version": "6.0.1",
      "resolved": "http://package-firewall.replit.local/npm/strip-ansi/-/strip-ansi-6.0.1.tgz",
      "integrity": "sha512-Y38VPSHcqkFrCpFnQ9vuSXmquuv5oXOKpGeT6aGrr3o3Gc9AlVa6JBfUSOCnbxGGZF+/0ooI7KrPuUSztUdU5A==",
      "license": "MIT",
      "dependencies": {
        "ansi-regex": "^5.0.1"
      },
      "engines": {
        "node": ">=8"
      }
    }
  }
}
