{
  "name": "workspace",
  "version": "1.0.0",
  "lockfileVersion": 3,
  "requires": true,
  "packages": {
    "": {
      "name": "workspace",
      "version": "1.0.0",
      "license": "ISC",
      "dependencies": {
        "@opencode-ai/cli": "^0.0.0-next-17444",
        "9router": "^0.5.55",
        "better-sqlite3": "^12.6.2",
        "opencode-ai": "^1.18.18"
      }
    },
    "node_modules/@opencode-ai/cli": {
      "version": "0.0.0-next-17444",
      "resolved": "http://package-firewall.replit.local/npm/@opencode-ai/cli/-/cli-0.0.0-next-17444.tgz",
      "integrity": "sha512-DxApzjkG7kN4vd5xd6GDWkloo2kXe/NrVrL6s+JOfhZidUpG6bgljuizXlkVl0TyZljzMiPAWA7d6imJkydI/A==",
      "cpu": [
        "arm64",
        "x64"
      ],
      "hasInstallScript": true,
      "license": "MIT",
      "os": [
        "darwin",
        "linux",
        "win32"
      ],
      "bin": {
        "opencode2": "bin/opencode2.exe"
      },
      "optionalDependencies": {
        "@opencode-ai/cli-darwin-arm64": "0.0.0-next-17444",
        "@opencode-ai/cli-darwin-x64": "0.0.0-next-17444",
        "@opencode-ai/cli-darwin-x64-baseline": "0.0.0-next-17444",
        "@opencode-ai/cli-linux-arm64": "0.0.0-next-17444",
        "@opencode-ai/cli-linux-arm64-musl": "0.0.0-next-17444",
        "@opencode-ai/cli-linux-x64": "0.0.0-next-17444",
        "@opencode-ai/cli-linux-x64-baseline": "0.0.0-next-17444",
        "@opencode-ai/cli-linux-x64-baseline-musl": "0.0.0-next-17444",
        "@opencode-ai/cli-linux-x64-musl": "0.0.0-next-17444",
        "@opencode-ai/cli-windows-arm64": "0.0.0-next-17444",
        "@opencode-ai/cli-windows-x64": "0.0.0-next-17444",
        "@opencode-ai/cli-windows-x64-baseline": "0.0.0-next-17444"
      }
    },
    "node_modules/@opencode-ai/cli-darwin-arm64": {
      "version": "0.0.0-next-17444",
      "resolved": "http://package-firewall.replit.local/npm/@opencode-ai/cli-darwin-arm64/-/cli-darwin-arm64-0.0.0-next-17444.tgz",
      "integrity": "sha512-4Sx+IzmmDZc4Im/sYopEYLAZttJZUx8eCf+UnSaaz1zY7Ws3oqWxxice86iBmLT1dKo0/zXRwmP3bp2HFbIWtg==",
      "cpu": [
        "arm64"
      ],
      "license": "MIT",
      "optional": true,
      "os": [
        "darwin"
      ]
    },
    "node_modules/@opencode-ai/cli-darwin-x64": {
      "version": "0.0.0-next-17444",
      "resolved": "http://package-firewall.replit.local/npm/@opencode-ai/cli-darwin-x64/-/cli-darwin-x64-0.0.0-next-17444.tgz",
      "integrity": "sha512-Z4OJrA5gGFeclVV4Y8IoAyjgw3aLTo77TVBF+ebaWi47zYH7iqCWXZ621FK5PnmIfW/2oyb9onOM0MEg32bsww==",
      "cpu": [
        "x64"
      ],
      "license": "MIT",
      "optional": true,
      "os": [
        "darwin"
      ]
    },
    "node_modules/@opencode-ai/cli-darwin-x64-baseline": {
      "version": "0.0.0-next-17444",
      "resolved": "http://package-firewall.replit.local/npm/@opencode-ai/cli-darwin-x64-baseline/-/cli-darwin-x64-baseline-0.0.0-next-17444.tgz",
      "integrity": "sha512-o548WmncRq34LgXHrQwGB8B5r3SRF7jpfBXhk6QcSNOJD2v8/l0aYPBoEgIPwkKgRHcynrBoExxE1jbQanR5uA==",
      "cpu": [
        "x64"
      ],
      "license": "MIT",
      "optional": true,
      "os": [
        "darwin"
      ]
    },
    "node_modules/@opencode-ai/cli-linux-arm64": {
      "version": "0.0.0-next-17444",
      "resolved": "http://package-firewall.replit.local/npm/@opencode-ai/cli-linux-arm64/-/cli-linux-arm64-0.0.0-next-17444.tgz",
      "integrity": "sha512-ZNhSWvBdxWNTPhvEEAgML2kgS63U6x4F42yGQFkznftl2Pi872IEwYPsrXrb6LxCbEgBiAEP/JiVN4aNfI0jRg==",
      "cpu": [
        "arm64"
      ],
      "license": "MIT",
      "optional": true,
      "os": [
        "linux"
      ]
    },
    "node_modules/@opencode-ai/cli-linux-arm64-musl": {
      "version": "0.0.0-next-17444",
      "resolved": "http://package-firewall.replit.local/npm/@opencode-ai/cli-linux-arm64-musl/-/cli-linux-arm64-musl-0.0.0-next-17444.tgz",
      "integrity": "sha512-+VYdnB6qpeAj8x3Xx0GGrxs+os+Kg3BmgnhCqX0eSOeZr2qetMAExVH0SQB4lZLdWV0AhRp37nCk0nNrkCThhw==",
      "cpu": [
        "arm64"
      ],
      "license": "MIT",
      "optional": true,
      "os": [
        "linux"
      ]
    },
    "node_modules/@opencode-ai/cli-linux-x64": {
      "version": "0.0.0-next-17444",
      "resolved": "http://package-firewall.replit.local/npm/@opencode-ai/cli-linux-x64/-/cli-linux-x64-0.0.0-next-17444.tgz",
      "integrity": "sha512-zyDzW5aYIRRpSZiumfob0f0bf3iNTnk7HGM86/iiWV3oSybUOy88rO+s2V37YM2tzH+qpvAslYY/ddgp1sW9Jg==",
      "cpu": [
        "x64"
      ],
      "license": "MIT",
      "optional": true,
      "os": [
        "linux"
      ]
    },
    "node_modules/@opencode-ai/cli-linux-x64-baseline": {
      "version": "0.0.0-next-17444",
      "resolved": "http://package-firewall.replit.local/npm/@opencode-ai/cli-linux-x64-baseline/-/cli-linux-x64-baseline-0.0.0-next-17444.tgz",
      "integrity": "sha512-/Zwur5tkT/pV2UsvguqSGtR0c9oleCZmVrzjMBMK6CpVLygnd+MgIBQ22X7y345lwf2eUw+96mF2dnCJQWnI+Q==",
      "cpu": [
        "x64"
      ],
      "license": "MIT",
      "optional": true,
      "os": [
        "linux"
      ]
    },
    "node_modules/@opencode-ai/cli-linux-x64-baseline-musl": {
      "version": "0.0.0-next-17444",
      "resolved": "http://package-firewall.replit.local/npm/@opencode-ai/cli-linux-x64-baseline-musl/-/cli-linux-x64-baseline-musl-0.0.0-next-17444.tgz",
      "integrity": "sha512-BAvoRk+XNmqcWQ6GNeg+A380+x6/neiDjlpoMhMf+7gWHZtc/5pqf3ocMi+4Y83lN4bah35S2xZPs/oWfh4K3Q==",
      "cpu": [
        "x64"
      ],
      "license": "MIT",
      "optional": true,
      "os": [
        "linux"
      ]
    },
    "node_modules/@opencode-ai/cli-linux-x64-musl": {
      "version": "0.0.0-next-17444",
      "resolved": "http://package-firewall.replit.local/npm/@opencode-ai/cli-linux-x64-musl/-/cli-linux-x64-musl-0.0.0-next-17444.tgz",
      "integrity": "sha512-JRTTlX+2625+wpmIEcjVVLzURNe9ba3g9hkbwa385dNoPdVdfZ5B5Db7M9afb2u3EZeMqbU/ltgV9T+wBobB9g==",
      "cpu": [
        "x64"
      ],
      "license": "MIT",
      "optional": true,
      "os": [
        "linux"
      ]
    },
    "node_modules/@opencode-ai/cli-windows-arm64": {
      "version": "0.0.0-next-17444",
      "resolved": "http://package-firewall.replit.local/npm/@opencode-ai/cli-windows-arm64/-/cli-windows-arm64-0.0.0-next-17444.tgz",
      "integrity": "sha512-miy3F4ev3Rfn6Un9sGvsaaLKdb9QiY/F39E5Mo0GyxMvyxtrE4mx/k1M7yLAijRgQEO6Lp2rVFLe1Fzujb+hMA==",
      "cpu": [
        "arm64"
      ],
      "license": "MIT",
      "optional": true,
      "os": [
        "win32"
      ]
    },
    "node_modules/@opencode-ai/cli-windows-x64": {
      "version": "0.0.0-next-17444",
      "resolved": "http://package-firewall.replit.local/npm/@opencode-ai/cli-windows-x64/-/cli-windows-x64-0.0.0-next-17444.tgz",
      "integrity": "sha512-MmTXwAD1rgvAsYlhPXOEycOHku17JFI5zMgQ9nS1Jrp/0UUYNs5UnGEr9lpBRQDqSIe57k6YyxKSLTgfMMYvig==",
      "cpu": [
        "x64"
      ],
      "license": "MIT",
      "optional": true,
      "os": [
        "win32"
      ]
    },
    "node_modules/@opencode-ai/cli-windows-x64-baseline": {
      "version": "0.0.0-next-17444",
      "resolved": "http://package-firewall.replit.local/npm/@opencode-ai/cli-windows-x64-baseline/-/cli-windows-x64-baseline-0.0.0-next-17444.tgz",
      "integrity": "sha512-LRFewkreAYh5ddIY0VPmTyS9XKS0BbIz65HInQmSXDMsT+Euc+e94NpH1d2syBdFYT2DhtTFrz3e3dqU7KysWg==",
      "cpu": [
        "x64"
      ],
      "license": "MIT",
      "optional": true,
      "os": [
        "win32"
      ]
    },
    "node_modules/9router": {
      "version": "0.5.55",
      "resolved": "http://package-firewall.replit.local/npm/9router/-/9router-0.5.55.tgz",
      "integrity": "sha512-smWQ8lCGHqiN7j1s/FQuiJzXeebwNPm2B5X4EKtAOn3QroZe9JwOp9H0rmJlc2P/l1iDwWlhV6hSMlZmb1KhPQ==",
      "hasInstallScript": true,
      "license": "MIT",
      "dependencies": {
        "enquirer": "^2.4.1",
        "node-forge": "^1.3.3",
        "node-machine-id": "^1.1.12",
        "react": "19.2.1",
        "react-dom": "19.2.1"
      },
      "bin": {
        "9router": "cli.js"
      },
      "engines": {
        "node": ">=18.0.0"
      }
    },
    "node_modules/ansi-colors": {
      "version": "4.1.3",
      "resolved": "http://package-firewall.replit.local/npm/ansi-colors/-/ansi-colors-4.1.3.tgz",
      "integrity": "sha512-/6w/C21Pm1A7aZitlI5Ni/2J6FFQN8i1Cvz3kHABAAbw93v/NlvKdVOqz7CCWz/3iv/JplRSEEZ83XION15ovw==",
      "license": "MIT",
      "engines": {
        "node": ">=6"
      }
    },
    "node_modules/ansi-regex": {
      "version": "5.0.1",
      "resolved": "http://package-firewall.replit.local/npm/ansi-regex/-/ansi-regex-5.0.1.tgz",
      "integrity": "sha512-quJQXlTSUGL2LH9SUXo8VwsY4soanhgo6LNSm84E1LBcE8s3O0wpdiRzyR9z/ZZJMlMWv37qOOb9pdJlMUEKFQ==",
      "license": "MIT",
      "engines": {
        "node": ">=8"
      }
    },
    "node_modules/base64-js": {
      "version": "1.5.1",
      "resolved": "http://package-firewall.replit.local/npm/base64-js/-/base64-js-1.5.1.tgz",
      "integrity": "sha512-AKpaYlHn8t4SVbOHCy+b5+KKgvR4vrsD8vbvrbiQJps7fKDTkjkDry6ji0rUJjC0kzbNePLwzxq8iypo41qeWA==",
      "funding": [
        {
          "type": "github",
          "url": "https://github.com/sponsors/feross"
        },
        {
          "type": "patreon",
          "url": "https://www.patreon.com/feross"
        },
        {
          "type": "consulting",
          "url": "https://feross.org/support"
        }
      ],
      "license": "MIT"
    },
    "node_modules/better-sqlite3": {
      "version": "12.6.2",
      "resolved": "http://package-firewall.replit.local/npm/better-sqlite3/-/better-sqlite3-12.6.2.tgz",
      "integrity": "sha512-8VYKM3MjCa9WcaSAI3hzwhmyHVlH8tiGFwf0RlTsZPWJ1I5MkzjiudCo4KC4DxOaL/53A5B1sI/IbldNFDbsKA==",
      "hasInstallScript": true,
      "license": "MIT",
      "dependencies": {
        "bindings": "^1.5.0",
        "prebuild-install": "^7.1.1"
      },
      "engines": {
        "node": "20.x || 22.x || 23.x || 24.x || 25.x"
      }
    },
    "node_modules/bindings": {
      "version": "1.5.0",
      "resolved": "http://package-firewall.replit.local/npm/bindings/-/bindings-1.5.0.tgz",
      "integrity": "sha512-p2q/t/mhvuOj/UeLlV6566GD/guowlr0hHxClI0W9m7MWYkL1F0hLo+0Aexs9HSPCtR1SXQ0TD3MMKrXZajbiQ==",
      "license": "MIT",
      "dependencies": {
        "file-uri-to-path": "1.0.0"
      }
    },
    "node_modules/bl": {
      "version": "4.1.0",
      "resolved": "http://package-firewall.replit.local/npm/bl/-/bl-4.1.0.tgz",
      "integrity": "sha512-1W07cM9gS6DcLperZfFSj+bWLtaPGSOHWhPiGzXmvVJbRLdG82sH/Kn8EtW1VqWVA54AKf2h5k5BbnIbwF3h6w==",
      "license": "MIT",
      "dependencies": {
        "buffer": "^5.5.0",
        "inherits": "^2.0.4",
        "readable-stream": "^3.4.0"
      }
    },
    "node_modules/buffer": {
      "version": "5.7.1",
      "resolved": "http://package-firewall.replit.local/npm/buffer/-/buffer-5.7.1.tgz",
      "integrity": "sha512-EHcyIPBQ4BSGlvjB16k5KgAJ27CIsHY/2JBmCRReo48y9rQ3MaUzWX3KVlBa4U7MyX02HdVj0K7C3WaB3ju7FQ==",
      "funding": [
        {
          "type": "github",
          "url": "https://github.com/sponsors/feross"
        },
        {
          "type": "patreon",
          "url": "https://www.patreon.com/feross"
        },
        {
          "type": "consulting",
          "url": "https://feross.org/support"
        }
      ],
      "license": "MIT",
      "dependencies": {
        "base64-js": "^1.3.1",
        "ieee754": "^1.1.13"
      }
    },
    "node_modules/chownr": {
      "version": "1.1.4",
      "resolved": "http://package-firewall.replit.local/npm/chownr/-/chownr-1.1.4.tgz",
      "integrity": "sha512-jJ0bqzaylmJtVnNgzTeSOs8DPavpbYgEr/b0YL8/2GO3xJEhInFmhKMUnEJQjZumK7KXGFhUy89PrsJWlakBVg==",
      "license": "ISC"
    },
    "node_modules/decompress-response": {
      "version": "6.0.0",
      "resolved": "http://package-firewall.replit.local/npm/decompress-response/-/decompress-response-6.0.0.tgz",
      "integrity": "sha512-aW35yZM6Bb/4oJlZncMH2LCoZtJXTRxES17vE3hoRiowU2kWHaJKFkSBDnDR+cm9J+9QhXmREyIfv0pji9ejCQ==",
      "license": "MIT",
      "dependencies": {
        "mimic-response": "^3.1.0"
      },
      "engines": {
        "node": ">=10"
      },
      "funding": {
        "url": "https://github.com/sponsors/sindresorhus"
      }
    },
    "node_modules/deep-extend": {
      "version": "0.6.0",
      "resolved": "http://package-firewall.replit.local/npm/deep-extend/-/deep-extend-0.6.0.tgz",
      "integrity": "sha512-LOHxIOaPYdHlJRtCQfDIVZtfw/ufM8+rVj649RIHzcm/vGwQRXFt6OPqIFWsm2XEMrNIEtWR64sY1LEKD2vAOA==",
      "license": "MIT",
      "engines": {
        "node": ">=4.0.0"
      }
    },
    "node_modules/detect-libc": {
      "version": "2.1.2",
      "resolved": "http://package-firewall.replit.local/npm/detect-libc/-/detect-libc-2.1.2.tgz",
      "integrity": "sha512-Btj2BOOO83o3WyH59e8MgXsxEQVcarkUOpEYrubB0urwnN10yQ364rsiByU11nZlqWYZm05i/of7io4mzihBtQ==",
      "license": "Apache-2.0",
      "engines": {
        "node": ">=8"
      }
    },
    "node_modules/end-of-stream": {
      "version": "1.4.5",
      "resolved": "http://package-firewall.replit.local/npm/end-of-stream/-/end-of-stream-1.4.5.tgz",
      "integrity": "sha512-ooEGc6HP26xXq/N+GCGOT0JKCLDGrq2bQUZrQ7gyrJiZANJ/8YDTxTpQBXGMn+WbIQXNVpyWymm7KYVICQnyOg==",
      "license": "MIT",
      "dependencies": {
        "once": "^1.4.0"
      }
    },
    "node_modules/enquirer": {
      "version": "2.4.1",
      "resolved": "http://package-firewall.replit.local/npm/enquirer/-/enquirer-2.4.1.tgz",
      "integrity": "sha512-rRqJg/6gd538VHvR3PSrdRBb/1Vy2YfzHqzvbhGIQpDRKIa4FgV/54b5Q1xYSxOOwKvjXweS26E0Q+nAMwp2pQ==",
      "license": "MIT",
      "dependencies": {
        "ansi-colors": "^4.1.1",
        "strip-ansi": "^6.0.1"
      },
      "engines": {
        "node": ">=8.6"
      }
    },
    "node_modules/expand-template": {
      "version": "2.0.3",
      "resolved": "http://package-firewall.replit.local/npm/expand-template/-/expand-template-2.0.3.tgz",
      "integrity": "sha512-XYfuKMvj4O35f/pOXLObndIRvyQ+/+6AhODh+OKWj9S9498pHHn/IMszH+gt0fBCRWMNfk1ZSp5x3AifmnI2vg==",
      "license": "(MIT OR WTFPL)",
      "engines": {
        "node": ">=6"
      }
    },
    "node_modules/file-uri-to-path": {
      "version": "1.0.0",
      "resolved": "http://package-firewall.replit.local/npm/file-uri-to-path/-/file-uri-to-path-1.0.0.tgz",
      "integrity": "sha512-0Zt+s3L7Vf1biwWZ29aARiVYLx7iMGnEUl9x33fbB/j3jR81u/O2LbqK+Bm1CDSNDKVtJ/YjwY7TUd5SkeLQLw==",
      "license": "MIT"
    },
    "node_modules/fs-constants": {
      "version": "1.0.0",
      "resolved": "http://package-firewall.replit.local/npm/fs-constants/-/fs-constants-1.0.0.tgz",
      "integrity": "sha512-y6OAwoSIf7FyjMIv94u+b5rdheZEjzR63GTyZJm5qh4Bi+2YgwLCcI/fPFZkL5PSixOt6ZNKm+w+Hfp/Bciwow==",
      "license": "MIT"
    },
    "node_modules/github-from-package": {
      "version": "0.0.0",
      "resolved": "http://package-firewall.replit.local/npm/github-from-package/-/github-from-package-0.0.0.tgz",
      "integrity": "sha512-SyHy3T1v2NUXn29OsWdxmK6RwHD+vkj3v8en8AOBZ1wBQ/hCAQ5bAQTD02kW4W9tUp/3Qh6J8r9EvntiyCmOOw==",
      "license": "MIT"
    },
    "node_modules/ieee754": {
      "version": "1.2.1",
      "resolved": "http://package-firewall.replit.local/npm/ieee754/-/ieee754-1.2.1.tgz",
      "integrity": "sha512-dcyqhDvX1C46lXZcVqCpK+FtMRQVdIMN6/Df5js2zouUsqG7I6sFxitIC+7KYK29KdXOLHdu9zL4sFnoVQnqaA==",
      "funding": [
        {
          "type": "github",
          "url": "https://github.com/sponsors/feross"
        },
        {
          "type": "patreon",
          "url": "https://www.patreon.com/feross"
        },
        {
          "type": "consulting",
          "url": "https://feross.org/support"
        }
      ],
      "license": "BSD-3-Clause"
    },
    "node_modules/inherits": {
      "version": "2.0.4",
      "resolved": "http://package-firewall.replit.local/npm/inherits/-/inherits-2.0.4.tgz",
      "integrity": "sha512-k/vGaX4/Yla3WzyMCvTQOXYeIHvqOKtnqBduzTHpzpQZzAskKMhZ2K+EnBiSM9zGSoIFeMpXKxa4dYeZIQqewQ==",
      "license": "ISC"
    },
    "node_modules/ini": {
      "version": "1.3.8",
      "resolved": "http://package-firewall.replit.local/npm/ini/-/ini-1.3.8.tgz",
      "integrity": "sha512-JV/yugV2uzW5iMRSiZAyDtQd+nxtUnjeLt0acNdw98kKLrvuRVyB80tsREOE7yvGVgalhZ6RNXCmEHkUKBKxew==",
      "license": "ISC"
    },
    "node_modules/mimic-response": {
      "version": "3.1.0",
      "resolved": "http://package-firewall.replit.local/npm/mimic-response/-/mimic-response-3.1.0.tgz",
      "integrity": "sha512-z0yWI+4FDrrweS8Zmt4Ej5HdJmky15+L2e6Wgn3+iK5fWzb6T3fhNFq2+MeTRb064c6Wr4N/wv0DzQTjNzHNGQ==",
      "license": "MIT",
      "engines": {
        "node": ">=10"
      },
      "funding": {
        "url": "https://github.com/sponsors/sindresorhus"
      }
    },
    "node_modules/minimist": {
      "version": "1.2.8",
      "resolved": "http://package-firewall.replit.local/npm/minimist/-/minimist-1.2.8.tgz",
      "integrity": "sha512-2yyAR8qBkN3YuheJanUpWC5U3bb5osDywNB8RzDVlDwDHbocAJveqqj1u8+SVD7jkWT4yvsHCpWqqWqAxb0zCA==",
      "license": "MIT",
      "funding": {
        "url": "https://github.com/sponsors/ljharb"
      }
    },
    "node_modules/mkdirp-classic": {
      "version": "0.5.3",
      "resolved": "http://package-firewall.replit.local/npm/mkdirp-classic/-/mkdirp-classic-0.5.3.tgz",
      "integrity": "sha512-gKLcREMhtuZRwRAfqP3RFW+TK4JqApVBtOIftVgjuABpAtpxhPGaDcfvbhNvD0B8iD1oUr/txX35NjcaY6Ns/A==",
      "license": "MIT"
    },
    "node_modules/napi-build-utils": {
      "version": "2.0.0",
      "resolved": "http://package-firewall.replit.local/npm/napi-build-utils/-/napi-build-utils-2.0.0.tgz",
      "integrity": "sha512-GEbrYkbfF7MoNaoh2iGG84Mnf/WZfB0GdGEsM8wz7Expx/LlWf5U8t9nvJKXSp3qr5IsEbK04cBGhol/KwOsWA==",
      "license": "MIT"
    },
    "node_modules/node-abi": {
      "version": "3.94.0",
      "resolved": "http://package-firewall.replit.local/npm/node-abi/-/node-abi-3.94.0.tgz",
      "integrity": "sha512-W5ZNO5KRPB5TkYmGVD9F6YqhsglXJzE6etpbmT+f6EQElhiX/UTG551cnsRGvLG3fyZEg9HwaDmNmj5nwJ4z9g==",
      "license": "MIT",
      "dependencies": {
        "semver": "^7.3.5"
      },
      "engines": {
        "node": ">=10"
      }
    },
    "node_modules/node-forge": {
      "version": "1.4.0",
      "resolved": "http://package-firewall.replit.local/npm/node-forge/-/node-forge-1.4.0.tgz",
      "integrity": "sha512-LarFH0+6VfriEhqMMcLX2F7SwSXeWwnEAJEsYm5QKWchiVYVvJyV9v7UDvUv+w5HO23ZpQTXDv/GxdDdMyOuoQ==",
      "license": "(BSD-3-Clause OR GPL-2.0)",
      "engines": {
        "node": ">= 6.13.0"
      }
    },
    "node_modules/node-machine-id": {
      "version": "1.1.12",
      "resolved": "http://package-firewall.replit.local/npm/node-machine-id/-/node-machine-id-1.1.12.tgz",
      "integrity": "sha512-QNABxbrPa3qEIfrE6GOJ7BYIuignnJw7iQ2YPbc3Nla1HzRJjXzZOiikfF8m7eAMfichLt3M4VgLOetqgDmgGQ==",
      "license": "MIT"
    },
    "node_modules/once": {
      "version": "1.4.0",
      "resolved": "http://package-firewall.replit.local/npm/once/-/once-1.4.0.tgz",
      "integrity": "sha512-lNaJgI+2Q5URQBkccEKHTQOPaXdUxnZZElQTZY0MFUAuaEqe1E+Nyvgdz/aIyNi6Z9MzO5dv1H8n58/GELp3+w==",
      "license": "ISC",
      "dependencies": {
        "wrappy": "1"
      }
    },
    "node_modules/opencode-ai": {
      "version": "1.18.18",
      "resolved": "http://package-firewall.replit.local/npm/opencode-ai/-/opencode-ai-1.18.18.tgz",
      "integrity": "sha512-J+5HFq8tf+wPBBpBpMPSNjSytF2/EkNWYfFZh4si1d9auFbQriqDyqZv+vFUsLWERfdMU32Eajwuiq3rKBvZLQ==",
      "cpu": [
        "arm64",
        "x64"
      ],
      "hasInstallScript": true,
      "license": "MIT",
      "os": [
        "darwin",
        "linux",
        "win32"
      ],
      "bin": {
        "opencode": "bin/opencode.exe"
      },
      "optionalDependencies": {
        "opencode-darwin-arm64": "1.18.18",
        "opencode-darwin-x64": "1.18.18",
        "opencode-darwin-x64-baseline": "1.18.18",
        "opencode-linux-arm64": "1.18.18",
        "opencode-linux-arm64-musl": "1.18.18",
        "opencode-linux-x64": "1.18.18",
        "opencode-linux-x64-baseline": "1.18.18",
        "opencode-linux-x64-baseline-musl": "1.18.18",
        "opencode-linux-x64-musl": "1.18.18",
        "opencode-windows-arm64": "1.18.18",
        "opencode-windows-x64": "1.18.18",
        "opencode-windows-x64-baseline": "1.18.18"
      }
    },
    "node_modules/opencode-darwin-arm64": {
      "version": "1.18.18",
      "resolved": "http://package-firewall.replit.local/npm/opencode-darwin-arm64/-/opencode-darwin-arm64-1.18.18.tgz",
      "integrity": "sha512-VkG+bz8u8Xqg9NzPK+2/71nEd4DKKlo2NLZurQ1eLAzDnmb1CMYZif/o6Shl8YFuTuYU/30k6yufl4Zr0Ij64g==",
      "cpu": [
        "arm64"
      ],
      "optional": true,
      "os": [
        "darwin"
      ]
    },
    "node_modules/opencode-darwin-x64": {
      "version": "1.18.18",
      "resolved": "http://package-firewall.replit.local/npm/opencode-darwin-x64/-/opencode-darwin-x64-1.18.18.tgz",
      "integrity": "sha512-xox5XJJ1bI5qDEbxWWR9pWY2Gak5IuSfDcObyWunRUiN7J8OiwyazsJs1HGsTSkVhisk8SNbFIr0/0xQGhxSZg==",
      "cpu": [
        "x64"
      ],
      "optional": true,
      "os": [
        "darwin"
      ]
    },
    "node_modules/opencode-darwin-x64-baseline": {
      "version": "1.18.18",
      "resolved": "http://package-firewall.replit.local/npm/opencode-darwin-x64-baseline/-/opencode-darwin-x64-baseline-1.18.18.tgz",
      "integrity": "sha512-NYlIeOOxKPrqY6rdVIjQV4h+eE1AFCHzEcoxXhc8zSvqnCVIO0hMtdNm3l3HhrDucWmdh1BsQBUoZlrBOvAl4w==",
      "cpu": [
        "x64"
      ],
      "optional": true,
      "os": [
        "darwin"
      ]
    },
    "node_modules/opencode-linux-arm64": {
      "version": "1.18.18",
      "resolved": "http://package-firewall.replit.local/npm/opencode-linux-arm64/-/opencode-linux-arm64-1.18.18.tgz",
      "integrity": "sha512-e8D3g0qJEIzawEg2+ygW3vkZjAYL2ssyAx4GbihjwXwZFvlZZy5zRWWzdz5KLBoHSTl0FB73vNtnNeXONyHpVQ==",
      "cpu": [
        "arm64"
      ],
      "optional": true,
      "os": [
        "linux"
      ]
    },
    "node_modules/opencode-linux-arm64-musl": {
      "version": "1.18.18",
      "resolved": "http://package-firewall.replit.local/npm/opencode-linux-arm64-musl/-/opencode-linux-arm64-musl-1.18.18.tgz",
      "integrity": "sha512-Dp3XByFRRZngPAQotNbOwr22HgZej4r9Ck0Iv/rOVU+oO5fLD9YSpHEwx80FTZOZmFmd/vriCdrR/dGdzabICw==",
      "cpu": [
        "arm64"
      ],
      "optional": true,
      "os": [
        "linux"
      ]
    },
    "node_modules/opencode-linux-x64": {
      "version": "1.18.18",
      "resolved": "http://package-firewall.replit.local/npm/opencode-linux-x64/-/opencode-linux-x64-1.18.18.tgz",
      "integrity": "sha512-WmeUnhljYJ252wywKTiW4bNDzsas2njpjPUEh0jM6HKNI4vFxJtREtzaWViY4AKEAcOkLWT8Ll17ixvcHz3AnA==",
      "cpu": [
        "x64"
      ],
      "optional": true,
      "os": [
        "linux"
      ]
    },
    "node_modules/opencode-linux-x64-baseline": {
      "version": "1.18.18",
      "resolved": "http://package-firewall.replit.local/npm/opencode-linux-x64-baseline/-/opencode-linux-x64-baseline-1.18.18.tgz",
      "integrity": "sha512-6GvFarhP0pDiXcE9Au8PWoqb9+ZLBIGKrhZxeVAmOJp/gJ8lLL1Eno8O1qpqRb1KjOfOaOD71jHu9xNaqmjEtw==",
      "cpu": [
        "x64"
      ],
      "optional": true,
      "os": [
        "linux"
      ]
    },
    "node_modules/opencode-linux-x64-baseline-musl": {
      "version": "1.18.18",
      "resolved": "http://package-firewall.replit.local/npm/opencode-linux-x64-baseline-musl/-/opencode-linux-x64-baseline-musl-1.18.18.tgz",
      "integrity": "sha512-cXD1gAZ+TTmdE3tnWy5qPstZjrnbPg0rPUwtcHeLaeB+KYxQWEoie1c88oYmZfQ+RWI6+/+LLF0FU29Uyd1Nrw==",
      "cpu": [
        "x64"
      ],
      "optional": true,
      "os": [
        "linux"
      ]
    },
    "node_modules/opencode-linux-x64-musl": {
      "version": "1.18.18",
      "resolved": "http://package-firewall.replit.local/npm/opencode-linux-x64-musl/-/opencode-linux-x64-musl-1.18.18.tgz",
      "integrity": "sha512-lWiWxotqyVTJYiu2dN90KDNDSrwmyhZk8ajzyfAFjwms2TBVx4L0Ly6gkdhz8nxsxwPRv751W8+yUpzetB8AMA==",
      "cpu": [
        "x64"
      ],
      "optional": true,
      "os": [
        "linux"
      ]
    },
    "node_modules/opencode-windows-arm64": {
      "version": "1.18.18",
      "resolved": "http://package-firewall.replit.local/npm/opencode-windows-arm64/-/opencode-windows-arm64-1.18.18.tgz",
      "integrity": "sha512-Fj1LfP3kXUeD34N0FOw6vebS1oK2YmxA2nviAKOAPo8jLFjEgq5djAJ/WroPmS71VOP1EHlKhRshnK3Sx8pI2w==",
      "cpu": [
        "arm64"
      ],
      "optional": true,
      "os": [
        "win32"
      ]
    },
    "node_modules/opencode-windows-x64": {
      "version": "1.18.18",
      "resolved": "http://package-firewall.replit.local/npm/opencode-windows-x64/-/opencode-windows-x64-1.18.18.tgz",
      "integrity": "sha512-wbsBZsHDgfHaw9zJogFrrSfWpObtXMFjiA6xl6IFyeVGXsdKi6E8AWIMRZUxKVkf9X0P48mYUuaP1EHgmJCbpA==",
      "cpu": [
        "x64"
      ],
      "optional": true,
      "os": [
        "win32"
      ]
    },
    "node_modules/opencode-windows-x64-baseline": {
      "version": "1.18.18",
      "resolved": "http://package-firewall.replit.local/npm/opencode-windows-x64-baseline/-/opencode-windows-x64-baseline-1.18.18.tgz",
      "integrity": "sha512-IeTrXqbIDbXD5VXpeupRa8aD+l4lSNeq02/K0jnaEPvR5adv42tiN1rOENiTaO2uX+d9cQ/csCaJPBFiQvwoRg==",
      "cpu": [
        "x64"
      ],
      "optional": true,
      "os": [
        "win32"
      ]
    },
    "node_modules/prebuild-install": {
      "version": "7.1.3",
      "resolved": "http://package-firewall.replit.local/npm/prebuild-install/-/prebuild-install-7.1.3.tgz",
      "integrity": "sha512-8Mf2cbV7x1cXPUILADGI3wuhfqWvtiLA1iclTDbFRZkgRQS0NqsPZphna9V+HyTEadheuPmjaJMsbzKQFOzLug==",
      "deprecated": "No longer maintained. Please contact the author of the relevant native addon; alternatives are available.",
      "license": "MIT",
      "dependencies": {
        "detect-libc": "^2.0.0",
        "expand-template": "^2.0.3",
        "github-from-package": "0.0.0",
        "minimist": "^1.2.3",
        "mkdirp-classic": "^0.5.3",
        "napi-build-utils": "^2.0.0",
        "node-abi": "^3.3.0",
        "pump": "^3.0.0",
        "rc": "^1.2.7",
        "simple-get": "^4.0.0",
        "tar-fs": "^2.0.0",
        "tunnel-agent": "^0.6.0"
      },
      "bin": {
        "prebuild-install": "bin.js"
      },
      "engines": {
        "node": ">=10"
      }
    },
    "node_modules/pump": {
      "version": "3.0.4",
      "resolved": "http://package-firewall.replit.local/npm/pump/-/pump-3.0.4.tgz",
      "integrity": "sha512-VS7sjc6KR7e1ukRFhQSY5LM2uBWAUPiOPa/A3mkKmiMwSmRFUITt0xuj+/lesgnCv+dPIEYlkzrcyXgquIHMcA==",
      "license": "MIT",
      "dependencies": {
        "end-of-stream": "^1.1.0",
        "once": "^1.3.1"
      }
    },
    "node_modules/rc": {
      "version": "1.2.8",
      "resolved": "http://package-firewall.replit.local/npm/rc/-/rc-1.2.8.tgz",
      "integrity": "sha512-y3bGgqKj3QBdxLbLkomlohkvsA8gdAiUQlSBJnBhfn+BPxg4bc62d8TcBW15wavDfgexCgccckhcZvywyQYPOw==",
      "license": "(BSD-2-Clause OR MIT OR Apache-2.0)",
      "dependencies": {
        "deep-extend": "^0.6.0",
        "ini": "~1.3.0",
        "minimist": "^1.2.0",
        "strip-json-comments": "~2.0.1"
      },
      "bin": {
        "rc": "cli.js"
      }
    },
    "node_modules/react": {
      "version": "19.2.1",
      "resolved": "http://package-firewall.replit.local/npm/react/-/react-19.2.1.tgz",
      "integrity": "sha512-DGrYcCWK7tvYMnWh79yrPHt+vdx9tY+1gPZa7nJQtO/p8bLTDaHp4dzwEhQB7pZ4Xe3ok4XKuEPrVuc+wlpkmw==",
      "license": "MIT",
      "engines": {
        "node": ">=0.10.0"
      }
    },
    "node_modules/react-dom": {
      "version": "19.2.1",
      "resolved": "http://package-firewall.replit.local/npm/react-dom/-/react-dom-19.2.1.tgz",
      "integrity": "sha512-ibrK8llX2a4eOskq1mXKu/TGZj9qzomO+sNfO98M6d9zIPOEhlBkMkBUBLd1vgS0gQsLDBzA+8jJBVXDnfHmJg==",
      "license": "MIT",
      "dependencies": {
        "scheduler": "^0.27.0"
      },
      "peerDependencies": {
        "react": "^19.2.1"
      }
    },
    "node_modules/readable-stream": {
      "version": "3.6.2",
      "resolved": "http://package-firewall.replit.local/npm/readable-stream/-/readable-stream-3.6.2.tgz",
      "integrity": "sha512-9u/sniCrY3D5WdsERHzHE4G2YCXqoG5FTHUiCC4SIbr6XcLZBY05ya9EKjYek9O5xOAwjGq+1JdGBAS7Q9ScoA==",
      "license": "MIT",
      "dependencies": {
        "inherits": "^2.0.3",
        "string_decoder": "^1.1.1",
        "util-deprecate": "^1.0.1"
      },
      "engines": {
        "node": ">= 6"
      }
    },
    "node_modules/safe-buffer": {
      "version": "5.2.1",
      "resolved": "http://package-firewall.replit.local/npm/safe-buffer/-/safe-buffer-5.2.1.tgz",
      "integrity": "sha512-rp3So07KcdmmKbGvgaNxQSJr7bGVSVk5S9Eq1F+ppbRo70+YeaDxkw5Dd8NPN+GD6bjnYm2VuPuCXmpuYvmCXQ==",
      "funding": [
        {
          "type": "github",
          "url": "https://github.com/sponsors/feross"
        },
        {
          "type": "patreon",
          "url": "https://www.patreon.com/feross"
        },
        {
          "type": "consulting",
          "url": "https://feross.org/support"
        }
      ],
      "license": "MIT"
    },
    "node_modules/scheduler": {
      "version": "0.27.0",
      "resolved": "http://package-firewall.replit.local/npm/scheduler/-/scheduler-0.27.0.tgz",
      "integrity": "sha512-eNv+WrVbKu1f3vbYJT/xtiF5syA5HPIMtf9IgY/nKg0sWqzAUEvqY/xm7OcZc/qafLx/iO9FgOmeSAp4v5ti/Q==",
      "license": "MIT"
    },
    "node_modules/semver": {
      "version": "7.8.5",
      "resolved": "http://package-firewall.replit.local/npm/semver/-/semver-7.8.5.tgz",
      "integrity": "sha512-Y7/KDsb8LjooZpwaqGyulO6DQlksgCncchHGk+sZIY4SBvUocMBEFH5Ur1fI4dV+Jvl0w6cjvucaIi40puRioA==",
      "license": "ISC",
      "bin": {
        "semver": "bin/semver.js"
      },
      "engines": {
        "node": ">=10"
      }
    },
    "node_modules/simple-concat": {
      "version": "1.0.1",
      "resolved": "http://package-firewall.replit.local/npm/simple-concat/-/simple-concat-1.0.1.tgz",
      "integrity": "sha512-cSFtAPtRhljv69IK0hTVZQ+OfE9nePi/rtJmw5UjHeVyVroEqJXP1sFztKUy1qU+xvz3u/sfYJLa947b7nAN2Q==",
      "funding": [
        {
          "type": "github",
          "url": "https://github.com/sponsors/feross"
        },
        {
          "type": "patreon",
          "url": "https://www.patreon.com/feross"
        },
        {
          "type": "consulting",
          "url": "https://feross.org/support"
        }
      ],
      "license": "MIT"
    },
    "node_modules/simple-get": {
      "version": "4.0.1",
      "resolved": "http://package-firewall.replit.local/npm/simple-get/-/simple-get-4.0.1.tgz",
      "integrity": "sha512-brv7p5WgH0jmQJr1ZDDfKDOSeWWg+OVypG99A/5vYGPqJ6pxiaHLy8nxtFjBA7oMa01ebA9gfh1uMCFqOuXxvA==",
      "funding": [
        {
          "type": "github",
          "url": "https://github.com/sponsors/feross"
        },
        {
          "type": "patreon",
          "url": "https://www.patreon.com/feross"
        },
        {
          "type": "consulting",
          "url": "https://feross.org/support"
        }
      ],
      "license": "MIT",
      "dependencies": {
        "decompress-response": "^6.0.0",
        "once": "^1.3.1",
        "simple-concat": "^1.0.0"
      }
    },
    "node_modules/string_decoder": {
      "version": "1.3.0",
      "resolved": "http://package-firewall.replit.local/npm/string_decoder/-/string_decoder-1.3.0.tgz",
      "integrity": "sha512-hkRX8U1WjJFd8LsDJ2yQ/wWWxaopEsABU1XfkM8A+j0+85JAGppt16cr1Whg6KIbb4okU6Mql6BOj+uup/wKeA==",
      "license": "MIT",
      "dependencies": {
        "safe-buffer": "~5.2.0"
      }
    },
    "node_modules/strip-ansi": {
      "version": "6.0.1",
      "resolved": "http://package-firewall.replit.local/npm/strip-ansi/-/strip-ansi-6.0.1.tgz",
      "integrity": "sha512-Y38VPSHcqkFrCpFnQ9vuSXmquuv5oXOKpGeT6aGrr3o3Gc9AlVa6JBfUSOCnbxGGZF+/0ooI7KrPuUSztUdU5A==",
      "license": "MIT",
      "dependencies": {
        "ansi-regex": "^5.0.1"
      },
      "engines": {
        "node": ">=8"
      }
    },
    "node_modules/strip-json-comments": {
      "version": "2.0.1",
      "resolved": "http://package-firewall.replit.local/npm/strip-json-comments/-/strip-json-comments-2.0.1.tgz",
      "integrity": "sha512-4gB8na07fecVVkOI6Rs4e7T6NOTki5EmL7TUduTs6bu3EdnSycntVJ4re8kgZA+wx9IueI2Y11bfbgwtzuE0KQ==",
      "license": "MIT",
      "engines": {
        "node": ">=0.10.0"
      }
    },
    "node_modules/tar-fs": {
      "version": "2.1.5",
      "resolved": "http://package-firewall.replit.local/npm/tar-fs/-/tar-fs-2.1.5.tgz",
      "integrity": "sha512-OboTd8mmMhZDNPV+UjQcK9yKAatXu2aJ+r1w4im1Otd4M4fl2hwvdoXUxIYHFTHWK/3y3FarBP70v3vwmGlOxw==",
      "license": "MIT",
      "dependencies": {
        "chownr": "^1.1.1",
        "mkdirp-classic": "^0.5.2",
        "pump": "^3.0.0",
        "tar-stream": "^2.1.4"
      }
    },
    "node_modules/tar-stream": {
      "version": "2.2.0",
      "resolved": "http://package-firewall.replit.local/npm/tar-stream/-/tar-stream-2.2.0.tgz",
      "integrity": "sha512-ujeqbceABgwMZxEJnk2HDY2DlnUZ+9oEcb1KzTVfYHio0UE6dG71n60d8D2I4qNvleWrrXpmjpt7vZeF1LnMZQ==",
      "license": "MIT",
      "dependencies": {
        "bl": "^4.0.3",
        "end-of-stream": "^1.4.1",
        "fs-constants": "^1.0.0",
        "inherits": "^2.0.3",
        "readable-stream": "^3.1.1"
      },
      "engines": {
        "node": ">=6"
      }
    },
    "node_modules/tunnel-agent": {
      "version": "0.6.0",
      "resolved": "http://package-firewall.replit.local/npm/tunnel-agent/-/tunnel-agent-0.6.0.tgz",
      "integrity": "sha512-McnNiV1l8RYeY8tBgEpuodCC1mLUdbSN+CYBL7kJsJNInOP8UjDDEwdk6Mw60vdLLrr5NHKZhMAOSrR2NZuQ+w==",
      "license": "Apache-2.0",
      "dependencies": {
        "safe-buffer": "^5.0.1"
      },
      "engines": {
        "node": "*"
      }
    },
    "node_modules/util-deprecate": {
      "version": "1.0.2",
      "resolved": "http://package-firewall.replit.local/npm/util-deprecate/-/util-deprecate-1.0.2.tgz",
      "integrity": "sha512-EPD5q1uXyFxJpCrLnCc1nHnq3gOa6DZBocAIiI2TaSCA7VCJ1UJDMagCzIkXNsUYfD1daK//LTEQ8xiIbrHtcw==",
      "license": "MIT"
    },
    "node_modules/wrappy": {
      "version": "1.0.2",
      "resolved": "http://package-firewall.replit.local/npm/wrappy/-/wrappy-1.0.2.tgz",
      "integrity": "sha512-l4Sp/DRseor9wL6EvV2+TuQn63dMkPjZ/sp9XkghTEbV9KlPS1xUsZ3u7/IQO4wxtcFB4bgpQPRcR3QCvezPcQ==",
      "license": "ISC"
    }
  }
}
